
Microsoft Visual Studio Solution File, Format Version 12.00
# Visual Studio Version 16
VisualStudioVersion = 16.0.31624.102
MinimumVisualStudioVersion = 10.0.40219.1
Project("{FAE04EC0-301F-11D3-BF4B-00C04F79EFBC}") = "2022_02_14_iskolaGUI", "2022_02_14_iskolaGUI\2022_02_14_iskolaGUI.csproj", "{819C3BB9-6EB0-4DE0-B0BC-33075C860F05}"
EndProject
Project("{FAE04EC0-301F-11D3-BF4B-00C04F79EFBC}") = "iskolagui2", "iskolagui2\iskolagui2.csproj", "{5CAEEC94-160B-4CB1-80B1-A3D15410A9B2}"
EndProject
Global
	GlobalSection(SolutionConfigurationPlatforms) = preSolution
		Debug|Any CPU = Debug|Any CPU
		Release|Any CPU = Release|Any CPU
	EndGlobalSection
	GlobalSection(ProjectConfigurationPlatforms) = postSolution
		{819C3BB9-6EB0-4DE0-B0BC-33075C860F05}.Debug|Any CPU.ActiveCfg = Debug|Any CPU
		{819C3BB9-6EB0-4DE0-B0BC-33075C860F05}.Debug|Any CPU.Build.0 = Debug|Any CPU
		{819C3BB9-6EB0-4DE0-B0BC-33075C860F05}.Release|Any CPU.ActiveCfg = Release|Any CPU
		{819C3BB9-6EB0-4DE0-B0BC-33075C860F05}.Release|Any CPU.Build.0 = Release|Any CPU
		{5CAEEC94-160B-4CB1-80B1-A3D15410A9B2}.Debug|Any CPU.ActiveCfg = Debug|Any CPU
		{5CAEEC94-160B-4CB1-80B1-A3D15410A9B2}.Debug|Any CPU.Build.0 = Debug|Any CPU
		{5CAEEC94-160B-4CB1-80B1-A3D15410A9B2}.Release|Any CPU.ActiveCfg = Release|Any CPU
		{5CAEEC94-160B-4CB1-80B1-A3D15410A9B2}.Release|Any CPU.Build.0 = Release|Any CPU
	EndGlobalSection
	GlobalSection(SolutionProperties) = preSolution
		HideSolutionNode = FALSE
	EndGlobalSection
	GlobalSection(ExtensibilityGlobals) = postSolution
		SolutionGuid = {BA71DC18-C2F2-4C21-ACB6-465C2A4B7B0B}
	EndGlobalSection
EndGlobal
